
Microsoft Visual Studio Solution File, Format Version 12.00
# Visual Studio Version 16
VisualStudioVersion = 16.0.30002.166
MinimumVisualStudioVersion = 10.0.40219.1
Project("{9092AA53-FB77-4645-B42D-1CCCA6BD08BD}") = "backend", "backend.njsproj", "{A5E052A6-39C1-4942-AAD3-84E265452C0E}"
EndProject
Global
	GlobalSection(SolutionConfigurationPlatforms) = preSolution
		Debug|Any CPU = Debug|Any CPU
		Release|Any CPU = Release|Any CPU
	EndGlobalSection
	GlobalSection(ProjectConfigurationPlatforms) = postSolution
		{A5E052A6-39C1-4942-AAD3-84E265452C0E}.Debug|Any CPU.ActiveCfg = Debug|Any CPU
		{A5E052A6-39C1-4942-AAD3-84E265452C0E}.Debug|Any CPU.Build.0 = Debug|Any CPU
		{A5E052A6-39C1-4942-AAD3-84E265452C0E}.Release|Any CPU.ActiveCfg = Release|Any CPU
		{A5E052A6-39C1-4942-AAD3-84E265452C0E}.Release|Any CPU.Build.0 = Release|Any CPU
	EndGlobalSection
	GlobalSection(SolutionProperties) = preSolution
		HideSolutionNode = FALSE
	EndGlobalSection
	GlobalSection(ExtensibilityGlobals) = postSolution
		SolutionGuid = {FA7FD1A6-036A-4EA9-92B6-602A58B8B804}
	EndGlobalSection
EndGlobal
